{
  "requires": true,
  "lockfileVersion": 1,
  "dependencies": {
    "angular-sanitize": {
      "version": "1.6.9",
      "resolved": "https://registry.npmjs.org/angular-sanitize/-/angular-sanitize-1.6.9.tgz",
      "integrity": "sha512-zWGQHWvmftkPTR0s6RCF9gx/pezR1V0swcVrkimMyBW3eK3ly7inG5BDDSt2oGExhWufV2VfnIv01T+tBUckNg=="
    },
    "ng-dialog": {
      "version": "1.4.0",
      "resolved": "https://registry.npmjs.org/ng-dialog/-/ng-dialog-1.4.0.tgz",
      "integrity": "sha1-P4EzDnyqxhTpn7zrdvMEv4IMQT4="
    },
    "ngstorage": {
      "version": "0.3.11",
      "resolved": "https://registry.npmjs.org/ngstorage/-/ngstorage-0.3.11.tgz",
      "integrity": "sha1-FjfEW4ctkJ2cx+GLN0iY1QsuhE8="
    }
  }
}
